// !$*UTF8*$!
{
	archiveVersion = 1;
	classes = {
	};
	objectVersion = 48;
	objects = {

/* Begin PBXBuildFile section */
		EF11638A1F90A33B0036B1CC /* RightStoryTableViewCell.xib in Resources */ = {isa = PBXBuildFile; fileRef = EF1163881F90A33B0036B1CC /* RightStoryTableViewCell.xib */; };
		EF11638E1F910A330036B1CC /* LeftStoryTableViewCell.xib in Resources */ = {isa = PBXBuildFile; fileRef = EF11638C1F910A330036B1CC /* LeftStoryTableViewCell.xib */; };
		EF27579D1F9A55EC00D61864 /* SettingsViewController.swift in Sources */ = {isa = PBXBuildFile; fileRef = EF27579C1F9A55EC00D61864 /* SettingsViewController.swift */; };
		EF2F5EC21F987DA200536B16 /* LoadingTableViewCell.swift in Sources */ = {isa = PBXBuildFile; fileRef = EF2F5EC01F987DA200536B16 /* LoadingTableViewCell.swift */; };
		EF2F5EC31F987DA200536B16 /* LoadingTableViewCell.xib in Resources */ = {isa = PBXBuildFile; fileRef = EF2F5EC11F987DA200536B16 /* LoadingTableViewCell.xib */; };
		EF2F5EC51F9911CF00536B16 /* Alerts.swift in Sources */ = {isa = PBXBuildFile; fileRef = EF2F5EC41F9911CF00536B16 /* Alerts.swift */; };
		EF2F5EC71F99625400536B16 /* Notifications.swift in Sources */ = {isa = PBXBuildFile; fileRef = EF2F5EC61F99625400536B16 /* Notifications.swift */; };
		EF41439A1F99E6D10042C9BE /* SettingsChooseTableViewCell.swift in Sources */ = {isa = PBXBuildFile; fileRef = EF4143991F99E6D10042C9BE /* SettingsChooseTableViewCell.swift */; };
		EF75ECFC1F951BA6001B1078 /* ArticleWebViewController.swift in Sources */ = {isa = PBXBuildFile; fileRef = EFF9DBD61F951AB100853AF8 /* ArticleWebViewController.swift */; };
		EF75ECFE1F951BA6001B1078 /* PickerTableViewController.swift in Sources */ = {isa = PBXBuildFile; fileRef = EFF9DBD31F951A9300853AF8 /* PickerTableViewController.swift */; };
		EF75ED001F951BA6001B1078 /* SmallStoryTableViewCell.swift in Sources */ = {isa = PBXBuildFile; fileRef = EFF9DBD91F951AD000853AF8 /* SmallStoryTableViewCell.swift */; };
		EF75ED011F951BA6001B1078 /* PickerTableViewCell.swift in Sources */ = {isa = PBXBuildFile; fileRef = EFF9DBD41F951A9400853AF8 /* PickerTableViewCell.swift */; };
		EF75ED071F951CCD001B1078 /* NewsStory.swift in Sources */ = {isa = PBXBuildFile; fileRef = EF75ED061F951CCD001B1078 /* NewsStory.swift */; };
		EF851CE61F9A64E5004AA3AF /* NoImageStoryTableViewCell.swift in Sources */ = {isa = PBXBuildFile; fileRef = EF851CE41F9A64E5004AA3AF /* NoImageStoryTableViewCell.swift */; };
		EF851CE71F9A64E5004AA3AF /* NoImageStoryTableViewCell.xib in Resources */ = {isa = PBXBuildFile; fileRef = EF851CE51F9A64E5004AA3AF /* NoImageStoryTableViewCell.xib */; };
		EF8CC95C1F95BC6500D8CBCB /* NewsAPI.swift in Sources */ = {isa = PBXBuildFile; fileRef = EF8CC95B1F95BC6500D8CBCB /* NewsAPI.swift */; };
		EF8CC95E1F96479600D8CBCB /* NewsData.swift in Sources */ = {isa = PBXBuildFile; fileRef = EF8CC95D1F96479600D8CBCB /* NewsData.swift */; };
		EF8CC9601F966EEF00D8CBCB /* NytNewsAPI.swift in Sources */ = {isa = PBXBuildFile; fileRef = EF8CC95F1F966EEF00D8CBCB /* NytNewsAPI.swift */; };
		EF8CC9621F96778200D8CBCB /* Network.swift in Sources */ = {isa = PBXBuildFile; fileRef = EF8CC9611F96778200D8CBCB /* Network.swift */; };
		EF8CC96B1F980B8D00D8CBCB /* OldSearchTableViewCell.xib in Resources */ = {isa = PBXBuildFile; fileRef = EF8CC9691F980B8D00D8CBCB /* OldSearchTableViewCell.xib */; };
		EF8CC96E1F980ED400D8CBCB /* Main.storyboard in Resources */ = {isa = PBXBuildFile; fileRef = EF8CC96C1F980BE600D8CBCB /* Main.storyboard */; };
		EF8CC9701F9830EA00D8CBCB /* SearchViewController.swift in Sources */ = {isa = PBXBuildFile; fileRef = EF8CC96F1F9830E900D8CBCB /* SearchViewController.swift */; };
		EFC80D211F8BF2A900B0E0CA /* AppDelegate.swift in Sources */ = {isa = PBXBuildFile; fileRef = EFC80D201F8BF2A900B0E0CA /* AppDelegate.swift */; };
		EFC80D291F8BF2A900B0E0CA /* Feedr_Reader.xcdatamodeld in Sources */ = {isa = PBXBuildFile; fileRef = EFC80D271F8BF2A900B0E0CA /* Feedr_Reader.xcdatamodeld */; };
		EFC80D2B1F8BF2A900B0E0CA /* Assets.xcassets in Resources */ = {isa = PBXBuildFile; fileRef = EFC80D2A1F8BF2A900B0E0CA /* Assets.xcassets */; };
		EFC80D2E1F8BF2A900B0E0CA /* LaunchScreen.storyboard in Resources */ = {isa = PBXBuildFile; fileRef = EFC80D2C1F8BF2A900B0E0CA /* LaunchScreen.storyboard */; };
		EFC80D391F8BF2AA00B0E0CA /* NewsAPITests.swift in Sources */ = {isa = PBXBuildFile; fileRef = EFC80D381F8BF2AA00B0E0CA /* NewsAPITests.swift */; };
		EFC80D441F8C2DE500B0E0CA /* FeedTableViewController.swift in Sources */ = {isa = PBXBuildFile; fileRef = EFC80D431F8C2DE500B0E0CA /* FeedTableViewController.swift */; };
		EFC80D471F8C2E2300B0E0CA /* TopStoryTableViewCell.swift in Sources */ = {isa = PBXBuildFile; fileRef = EFC80D461F8C2E2300B0E0CA /* TopStoryTableViewCell.swift */; };
		EFD781E91F952245004F93DC /* CnnNewsAPI.swift in Sources */ = {isa = PBXBuildFile; fileRef = EFD781E81F952245004F93DC /* CnnNewsAPI.swift */; };
/* End PBXBuildFile section */

/* Begin PBXContainerItemProxy section */
		EFC80D351F8BF2AA00B0E0CA /* PBXContainerItemProxy */ = {
			isa = PBXContainerItemProxy;
			containerPortal = EFC80D151F8BF2A900B0E0CA /* Project object */;
			proxyType = 1;
			remoteGlobalIDString = EFC80D1C1F8BF2A900B0E0CA;
			remoteInfo = "Feedr Reader";
		};
/* End PBXContainerItemProxy section */

/* Begin PBXFileReference section */
		EF1163881F90A33B0036B1CC /* RightStoryTableViewCell.xib */ = {isa = PBXFileReference; lastKnownFileType = file.xib; path = RightStoryTableViewCell.xib; sourceTree = "<group>"; };
		EF11638C1F910A330036B1CC /* LeftStoryTableViewCell.xib */ = {isa = PBXFileReference; lastKnownFileType = file.xib; path = LeftStoryTableViewCell.xib; sourceTree = "<group>"; };
		EF27579C1F9A55EC00D61864 /* SettingsViewController.swift */ = {isa = PBXFileReference; lastKnownFileType = sourcecode.swift; path = SettingsViewController.swift; sourceTree = "<group>"; };
		EF2F5EC01F987DA200536B16 /* LoadingTableViewCell.swift */ = {isa = PBXFileReference; lastKnownFileType = sourcecode.swift; path = LoadingTableViewCell.swift; sourceTree = "<group>"; };
		EF2F5EC11F987DA200536B16 /* LoadingTableViewCell.xib */ = {isa = PBXFileReference; lastKnownFileType = file.xib; path = LoadingTableViewCell.xib; sourceTree = "<group>"; };
		EF2F5EC41F9911CF00536B16 /* Alerts.swift */ = {isa = PBXFileReference; lastKnownFileType = sourcecode.swift; path = Alerts.swift; sourceTree = "<group>"; };
		EF2F5EC61F99625400536B16 /* Notifications.swift */ = {isa = PBXFileReference; lastKnownFileType = sourcecode.swift; path = Notifications.swift; sourceTree = "<group>"; };
		EF4143991F99E6D10042C9BE /* SettingsChooseTableViewCell.swift */ = {isa = PBXFileReference; lastKnownFileType = sourcecode.swift; path = SettingsChooseTableViewCell.swift; sourceTree = "<group>"; };
		EF75ED061F951CCD001B1078 /* NewsStory.swift */ = {isa = PBXFileReference; lastKnownFileType = sourcecode.swift; path = NewsStory.swift; sourceTree = "<group>"; };
		EF851CE41F9A64E5004AA3AF /* NoImageStoryTableViewCell.swift */ = {isa = PBXFileReference; lastKnownFileType = sourcecode.swift; path = NoImageStoryTableViewCell.swift; sourceTree = "<group>"; };
		EF851CE51F9A64E5004AA3AF /* NoImageStoryTableViewCell.xib */ = {isa = PBXFileReference; lastKnownFileType = file.xib; path = NoImageStoryTableViewCell.xib; sourceTree = "<group>"; };
		EF8CC95B1F95BC6500D8CBCB /* NewsAPI.swift */ = {isa = PBXFileReference; lastKnownFileType = sourcecode.swift; path = NewsAPI.swift; sourceTree = "<group>"; };
		EF8CC95D1F96479600D8CBCB /* NewsData.swift */ = {isa = PBXFileReference; lastKnownFileType = sourcecode.swift; path = NewsData.swift; sourceTree = "<group>"; };
		EF8CC95F1F966EEF00D8CBCB /* NytNewsAPI.swift */ = {isa = PBXFileReference; lastKnownFileType = sourcecode.swift; path = NytNewsAPI.swift; sourceTree = "<group>"; };
		EF8CC9611F96778200D8CBCB /* Network.swift */ = {isa = PBXFileReference; lastKnownFileType = sourcecode.swift; path = Network.swift; sourceTree = "<group>"; };
		EF8CC9691F980B8D00D8CBCB /* OldSearchTableViewCell.xib */ = {isa = PBXFileReference; lastKnownFileType = file.xib; path = OldSearchTableViewCell.xib; sourceTree = "<group>"; };
		EF8CC96D1F980BE600D8CBCB /* Base */ = {isa = PBXFileReference; lastKnownFileType = file.storyboard; name = Base; path = Base.lproj/Main.storyboard; sourceTree = "<group>"; };
		EF8CC96F1F9830E900D8CBCB /* SearchViewController.swift */ = {isa = PBXFileReference; lastKnownFileType = sourcecode.swift; path = SearchViewController.swift; sourceTree = "<group>"; };
		EFC80D1D1F8BF2A900B0E0CA /* Feedr Reader.app */ = {isa = PBXFileReference; explicitFileType = wrapper.application; includeInIndex = 0; path = "Feedr Reader.app"; sourceTree = BUILT_PRODUCTS_DIR; };
		EFC80D201F8BF2A900B0E0CA /* AppDelegate.swift */ = {isa = PBXFileReference; lastKnownFileType = sourcecode.swift; path = AppDelegate.swift; sourceTree = "<group>"; };
		EFC80D281F8BF2A900B0E0CA /* Feedr_Reader.xcdatamodel */ = {isa = PBXFileReference; lastKnownFileType = wrapper.xcdatamodel; path = Feedr_Reader.xcdatamodel; sourceTree = "<group>"; };
		EFC80D2A1F8BF2A900B0E0CA /* Assets.xcassets */ = {isa = PBXFileReference; lastKnownFileType = folder.assetcatalog; path = Assets.xcassets; sourceTree = "<group>"; };
		EFC80D2D1F8BF2A900B0E0CA /* Base */ = {isa = PBXFileReference; lastKnownFileType = file.storyboard; name = Base; path = Base.lproj/LaunchScreen.storyboard; sourceTree = "<group>"; };
		EFC80D2F1F8BF2A900B0E0CA /* Info.plist */ = {isa = PBXFileReference; lastKnownFileType = text.plist.xml; path = Info.plist; sourceTree = "<group>"; };
		EFC80D341F8BF2AA00B0E0CA /* Feedr ReaderTests.xctest */ = {isa = PBXFileReference; explicitFileType = wrapper.cfbundle; includeInIndex = 0; path = "Feedr ReaderTests.xctest"; sourceTree = BUILT_PRODUCTS_DIR; };
		EFC80D381F8BF2AA00B0E0CA /* NewsAPITests.swift */ = {isa = PBXFileReference; lastKnownFileType = sourcecode.swift; path = NewsAPITests.swift; sourceTree = "<group>"; };
		EFC80D3A1F8BF2AA00B0E0CA /* Info.plist */ = {isa = PBXFileReference; lastKnownFileType = text.plist.xml; path = Info.plist; sourceTree = "<group>"; };
		EFC80D431F8C2DE500B0E0CA /* FeedTableViewController.swift */ = {isa = PBXFileReference; lastKnownFileType = sourcecode.swift; path = FeedTableViewController.swift; sourceTree = "<group>"; };
		EFC80D461F8C2E2300B0E0CA /* TopStoryTableViewCell.swift */ = {isa = PBXFileReference; lastKnownFileType = sourcecode.swift; path = TopStoryTableViewCell.swift; sourceTree = "<group>"; };
		EFD781E81F952245004F93DC /* CnnNewsAPI.swift */ = {isa = PBXFileReference; lastKnownFileType = sourcecode.swift; path = CnnNewsAPI.swift; sourceTree = "<group>"; };
		EFF9DBD31F951A9300853AF8 /* PickerTableViewController.swift */ = {isa = PBXFileReference; lastKnownFileType = sourcecode.swift; name = PickerTableViewController.swift; path = "Feedr Reader/PickerTableViewController.swift"; sourceTree = SOURCE_ROOT; };
		EFF9DBD41F951A9400853AF8 /* PickerTableViewCell.swift */ = {isa = PBXFileReference; lastKnownFileType = sourcecode.swift; name = PickerTableViewCell.swift; path = "Feedr Reader/PickerTableViewCell.swift"; sourceTree = SOURCE_ROOT; };
		EFF9DBD61F951AB100853AF8 /* ArticleWebViewController.swift */ = {isa = PBXFileReference; lastKnownFileType = sourcecode.swift; name = ArticleWebViewController.swift; path = "Feedr Reader/ArticleWebViewController.swift"; sourceTree = SOURCE_ROOT; };
		EFF9DBD91F951AD000853AF8 /* SmallStoryTableViewCell.swift */ = {isa = PBXFileReference; lastKnownFileType = sourcecode.swift; name = SmallStoryTableViewCell.swift; path = "Feedr Reader/SmallStoryTableViewCell.swift"; sourceTree = SOURCE_ROOT; };
/* End PBXFileReference section */

/* Begin PBXFrameworksBuildPhase section */
		EFC80D1A1F8BF2A900B0E0CA /* Frameworks */ = {
			isa = PBXFrameworksBuildPhase;
			buildActionMask = 2147483647;
			files = (
			);
			runOnlyForDeploymentPostprocessing = 0;
		};
		EFC80D311F8BF2AA00B0E0CA /* Frameworks */ = {
			isa = PBXFrameworksBuildPhase;
			buildActionMask = 2147483647;
			files = (
			);
			runOnlyForDeploymentPostprocessing = 0;
		};
/* End PBXFrameworksBuildPhase section */

/* Begin PBXGroup section */
		EF75ED031F951C08001B1078 /* Controller */ = {
			isa = PBXGroup;
			children = (
				EFC80D201F8BF2A900B0E0CA /* AppDelegate.swift */,
				EFC80D431F8C2DE500B0E0CA /* FeedTableViewController.swift */,
				EFF9DBD61F951AB100853AF8 /* ArticleWebViewController.swift */,
				EF8CC96F1F9830E900D8CBCB /* SearchViewController.swift */,
				EFC80D461F8C2E2300B0E0CA /* TopStoryTableViewCell.swift */,
				EFF9DBD41F951A9400853AF8 /* PickerTableViewCell.swift */,
				EFF9DBD31F951A9300853AF8 /* PickerTableViewController.swift */,
				EFF9DBD91F951AD000853AF8 /* SmallStoryTableViewCell.swift */,
				EF2F5EC01F987DA200536B16 /* LoadingTableViewCell.swift */,
				EF4143991F99E6D10042C9BE /* SettingsChooseTableViewCell.swift */,
				EF27579C1F9A55EC00D61864 /* SettingsViewController.swift */,
				EF851CE41F9A64E5004AA3AF /* NoImageStoryTableViewCell.swift */,
			);
			name = Controller;
			sourceTree = "<group>";
		};
		EF75ED041F951C67001B1078 /* View */ = {
			isa = PBXGroup;
			children = (
				EF2F5EC11F987DA200536B16 /* LoadingTableViewCell.xib */,
				EF851CE51F9A64E5004AA3AF /* NoImageStoryTableViewCell.xib */,
				EF1163881F90A33B0036B1CC /* RightStoryTableViewCell.xib */,
				EF11638C1F910A330036B1CC /* LeftStoryTableViewCell.xib */,
				EF8CC96C1F980BE600D8CBCB /* Main.storyboard */,
				EF8CC9691F980B8D00D8CBCB /* OldSearchTableViewCell.xib */,
				EFC80D2C1F8BF2A900B0E0CA /* LaunchScreen.storyboard */,
			);
			name = View;
			sourceTree = "<group>";
		};
		EF75ED051F951C82001B1078 /* Model */ = {
			isa = PBXGroup;
			children = (
				EF75ED061F951CCD001B1078 /* NewsStory.swift */,
				EF8CC95D1F96479600D8CBCB /* NewsData.swift */,
				EFD781E81F952245004F93DC /* CnnNewsAPI.swift */,
				EF8CC95F1F966EEF00D8CBCB /* NytNewsAPI.swift */,
				EF8CC95B1F95BC6500D8CBCB /* NewsAPI.swift */,
			);
			name = Model;
			sourceTree = "<group>";
		};
		EF8CC9631F96D7E100D8CBCB /* Utility */ = {
			isa = PBXGroup;
			children = (
				EF8CC9611F96778200D8CBCB /* Network.swift */,
				EF2F5EC41F9911CF00536B16 /* Alerts.swift */,
				EF2F5EC61F99625400536B16 /* Notifications.swift */,
			);
			name = Utility;
			sourceTree = "<group>";
		};
		EFC80D141F8BF2A900B0E0CA = {
			isa = PBXGroup;
			children = (
				EFC80D1F1F8BF2A900B0E0CA /* Feedr Reader */,
				EFC80D371F8BF2AA00B0E0CA /* Feedr ReaderTests */,
				EFC80D1E1F8BF2A900B0E0CA /* Products */,
			);
			sourceTree = "<group>";
		};
		EFC80D1E1F8BF2A900B0E0CA /* Products */ = {
			isa = PBXGroup;
			children = (
				EFC80D1D1F8BF2A900B0E0CA /* Feedr Reader.app */,
				EFC80D341F8BF2AA00B0E0CA /* Feedr ReaderTests.xctest */,
			);
			name = Products;
			sourceTree = "<group>";
		};
		EFC80D1F1F8BF2A900B0E0CA /* Feedr Reader */ = {
			isa = PBXGroup;
			children = (
				EF8CC9631F96D7E100D8CBCB /* Utility */,
				EF75ED051F951C82001B1078 /* Model */,
				EF75ED031F951C08001B1078 /* Controller */,
				EF75ED041F951C67001B1078 /* View */,
				EFC80D2A1F8BF2A900B0E0CA /* Assets.xcassets */,
				EFC80D2F1F8BF2A900B0E0CA /* Info.plist */,
				EFC80D271F8BF2A900B0E0CA /* Feedr_Reader.xcdatamodeld */,
			);
			path = "Feedr Reader";
			sourceTree = "<group>";
		};
		EFC80D371F8BF2AA00B0E0CA /* Feedr ReaderTests */ = {
			isa = PBXGroup;
			children = (
				EFC80D381F8BF2AA00B0E0CA /* NewsAPITests.swift */,
				EFC80D3A1F8BF2AA00B0E0CA /* Info.plist */,
			);
			path = "Feedr ReaderTests";
			sourceTree = "<group>";
		};
/* End PBXGroup section */

/* Begin PBXNativeTarget section */
		EFC80D1C1F8BF2A900B0E0CA /* Feedr Reader */ = {
			isa = PBXNativeTarget;
			buildConfigurationList = EFC80D3D1F8BF2AA00B0E0CA /* Build configuration list for PBXNativeTarget "Feedr Reader" */;
			buildPhases = (
				EFC80D191F8BF2A900B0E0CA /* Sources */,
				EFC80D1A1F8BF2A900B0E0CA /* Frameworks */,
				EFC80D1B1F8BF2A900B0E0CA /* Resources */,
			);
			buildRules = (
			);
			dependencies = (
			);
			name = "Feedr Reader";
			productName = "Feedr Reader";
			productReference = EFC80D1D1F8BF2A900B0E0CA /* Feedr Reader.app */;
			productType = "com.apple.product-type.application";
		};
		EFC80D331F8BF2AA00B0E0CA /* Feedr ReaderTests */ = {
			isa = PBXNativeTarget;
			buildConfigurationList = EFC80D401F8BF2AA00B0E0CA /* Build configuration list for PBXNativeTarget "Feedr ReaderTests" */;
			buildPhases = (
				EFC80D301F8BF2AA00B0E0CA /* Sources */,
				EFC80D311F8BF2AA00B0E0CA /* Frameworks */,
				EFC80D321F8BF2AA00B0E0CA /* Resources */,
			);
			buildRules = (
			);
			dependencies = (
				EFC80D361F8BF2AA00B0E0CA /* PBXTargetDependency */,
			);
			name = "Feedr ReaderTests";
			productName = "Feedr ReaderTests";
			productReference = EFC80D341F8BF2AA00B0E0CA /* Feedr ReaderTests.xctest */;
			productType = "com.apple.product-type.bundle.unit-test";
		};
/* End PBXNativeTarget section */

/* Begin PBXProject section */
		EFC80D151F8BF2A900B0E0CA /* Project object */ = {
			isa = PBXProject;
			attributes = {
				LastSwiftUpdateCheck = 0900;
				LastUpgradeCheck = 0900;
				ORGANIZATIONNAME = "Joshua Fredrickson";
				TargetAttributes = {
					EFC80D1C1F8BF2A900B0E0CA = {
						CreatedOnToolsVersion = 9.0;
						ProvisioningStyle = Automatic;
					};
					EFC80D331F8BF2AA00B0E0CA = {
						CreatedOnToolsVersion = 9.0;
						ProvisioningStyle = Automatic;
						TestTargetID = EFC80D1C1F8BF2A900B0E0CA;
					};
				};
			};
			buildConfigurationList = EFC80D181F8BF2A900B0E0CA /* Build configuration list for PBXProject "Feedr Reader" */;
			compatibilityVersion = "Xcode 8.0";
			developmentRegion = en;
			hasScannedForEncodings = 0;
			knownRegions = (
				en,
				Base,
			);
			mainGroup = EFC80D141F8BF2A900B0E0CA;
			productRefGroup = EFC80D1E1F8BF2A900B0E0CA /* Products */;
			projectDirPath = "";
			projectRoot = "";
			targets = (
				EFC80D1C1F8BF2A900B0E0CA /* Feedr Reader */,
				EFC80D331F8BF2AA00B0E0CA /* Feedr ReaderTests */,
			);
		};
/* End PBXProject section */

/* Begin PBXResourcesBuildPhase section */
		EFC80D1B1F8BF2A900B0E0CA /* Resources */ = {
			isa = PBXResourcesBuildPhase;
			buildActionMask = 2147483647;
			files = (
				EF11638A1F90A33B0036B1CC /* RightStoryTableViewCell.xib in Resources */,
				EFC80D2E1F8BF2A900B0E0CA /* LaunchScreen.storyboard in Resources */,
				EF851CE71F9A64E5004AA3AF /* NoImageStoryTableViewCell.xib in Resources */,
				EFC80D2B1F8BF2A900B0E0CA /* Assets.xcassets in Resources */,
				EF8CC96E1F980ED400D8CBCB /* Main.storyboard in Resources */,
				EF8CC96B1F980B8D00D8CBCB /* OldSearchTableViewCell.xib in Resources */,
				EF11638E1F910A330036B1CC /* LeftStoryTableViewCell.xib in Resources */,
				EF2F5EC31F987DA200536B16 /* LoadingTableViewCell.xib in Resources */,
			);
			runOnlyForDeploymentPostprocessing = 0;
		};
		EFC80D321F8BF2AA00B0E0CA /* Resources */ = {
			isa = PBXResourcesBuildPhase;
			buildActionMask = 2147483647;
			files = (
			);
			runOnlyForDeploymentPostprocessing = 0;
		};
/* End PBXResourcesBuildPhase section */

/* Begin PBXSourcesBuildPhase section */
		EFC80D191F8BF2A900B0E0CA /* Sources */ = {
			isa = PBXSourcesBuildPhase;
			buildActionMask = 2147483647;
			files = (
				EFC80D291F8BF2A900B0E0CA /* Feedr_Reader.xcdatamodeld in Sources */,
				EF2F5EC21F987DA200536B16 /* LoadingTableViewCell.swift in Sources */,
				EF75ED011F951BA6001B1078 /* PickerTableViewCell.swift in Sources */,
				EF27579D1F9A55EC00D61864 /* SettingsViewController.swift in Sources */,
				EFC80D471F8C2E2300B0E0CA /* TopStoryTableViewCell.swift in Sources */,
				EF75ECFE1F951BA6001B1078 /* PickerTableViewController.swift in Sources */,
				EFC80D441F8C2DE500B0E0CA /* FeedTableViewController.swift in Sources */,
				EF8CC9621F96778200D8CBCB /* Network.swift in Sources */,
				EF8CC9601F966EEF00D8CBCB /* NytNewsAPI.swift in Sources */,
				EFC80D211F8BF2A900B0E0CA /* AppDelegate.swift in Sources */,
				EF851CE61F9A64E5004AA3AF /* NoImageStoryTableViewCell.swift in Sources */,
				EFD781E91F952245004F93DC /* CnnNewsAPI.swift in Sources */,
				EF2F5EC51F9911CF00536B16 /* Alerts.swift in Sources */,
				EF8CC95E1F96479600D8CBCB /* NewsData.swift in Sources */,
				EF41439A1F99E6D10042C9BE /* SettingsChooseTableViewCell.swift in Sources */,
				EF2F5EC71F99625400536B16 /* Notifications.swift in Sources */,
				EF75ECFC1F951BA6001B1078 /* ArticleWebViewController.swift in Sources */,
				EF75ED001F951BA6001B1078 /* SmallStoryTableViewCell.swift in Sources */,
				EF75ED071F951CCD001B1078 /* NewsStory.swift in Sources */,
				EF8CC95C1F95BC6500D8CBCB /* NewsAPI.swift in Sources */,
				EF8CC9701F9830EA00D8CBCB /* SearchViewController.swift in Sources */,
			);
			runOnlyForDeploymentPostprocessing = 0;
		};
		EFC80D301F8BF2AA00B0E0CA /* Sources */ = {
			isa = PBXSourcesBuildPhase;
			buildActionMask = 2147483647;
			files = (
				EFC80D391F8BF2AA00B0E0CA /* NewsAPITests.swift in Sources */,
			);
			runOnlyForDeploymentPostprocessing = 0;
		};
/* End PBXSourcesBuildPhase section */

/* Begin PBXTargetDependency section */
		EFC80D361F8BF2AA00B0E0CA /* PBXTargetDependency */ = {
			isa = PBXTargetDependency;
			target = EFC80D1C1F8BF2A900B0E0CA /* Feedr Reader */;
			targetProxy = EFC80D351F8BF2AA00B0E0CA /* PBXContainerItemProxy */;
		};
/* End PBXTargetDependency section */

/* Begin PBXVariantGroup section */
		EF8CC96C1F980BE600D8CBCB /* Main.storyboard */ = {
			isa = PBXVariantGroup;
			children = (
				EF8CC96D1F980BE600D8CBCB /* Base */,
			);
			name = Main.storyboard;
			sourceTree = "<group>";
		};
		EFC80D2C1F8BF2A900B0E0CA /* LaunchScreen.storyboard */ = {
			isa = PBXVariantGroup;
			children = (
				EFC80D2D1F8BF2A900B0E0CA /* Base */,
			);
			name = LaunchScreen.storyboard;
			sourceTree = "<group>";
		};
/* End PBXVariantGroup section */

/* Begin XCBuildConfiguration section */
		EFC80D3B1F8BF2AA00B0E0CA /* Debug */ = {
			isa = XCBuildConfiguration;
			buildSettings = {
				ALWAYS_SEARCH_USER_PATHS = NO;
				CLANG_ANALYZER_NONNULL = YES;
				CLANG_ANALYZER_NUMBER_OBJECT_CONVERSION = YES_AGGRESSIVE;
				CLANG_CXX_LANGUAGE_STANDARD = "gnu++14";
				CLANG_CXX_LIBRARY = "libc++";
				CLANG_ENABLE_MODULES = YES;
				CLANG_ENABLE_OBJC_ARC = YES;
				CLANG_WARN_BLOCK_CAPTURE_AUTORELEASING = YES;
				CLANG_WARN_BOOL_CONVERSION = YES;
				CLANG_WARN_COMMA = YES;
				CLANG_WARN_CONSTANT_CONVERSION = YES;
				CLANG_WARN_DIRECT_OBJC_ISA_USAGE = YES_ERROR;
				CLANG_WARN_DOCUMENTATION_COMMENTS = YES;
				CLANG_WARN_EMPTY_BODY = YES;
				CLANG_WARN_ENUM_CONVERSION = YES;
				CLANG_WARN_INFINITE_RECURSION = YES;
				CLANG_WARN_INT_CONVERSION = YES;
				CLANG_WARN_NON_LITERAL_NULL_CONVERSION = YES;
				CLANG_WARN_OBJC_LITERAL_CONVERSION = YES;
				CLANG_WARN_OBJC_ROOT_CLASS = YES_ERROR;
				CLANG_WARN_RANGE_LOOP_ANALYSIS = YES;
				CLANG_WARN_STRICT_PROTOTYPES = YES;
				CLANG_WARN_SUSPICIOUS_MOVE = YES;
				CLANG_WARN_UNGUARDED_AVAILABILITY = YES_AGGRESSIVE;
				CLANG_WARN_UNREACHABLE_CODE = YES;
				CLANG_WARN__DUPLICATE_METHOD_MATCH = YES;
				CODE_SIGN_IDENTITY = "iPhone Developer";
				COPY_PHASE_STRIP = NO;
				DEBUG_INFORMATION_FORMAT = dwarf;
				ENABLE_STRICT_OBJC_MSGSEND = YES;
				ENABLE_TESTABILITY = YES;
				GCC_C_LANGUAGE_STANDARD = gnu11;
				GCC_DYNAMIC_NO_PIC = NO;
				GCC_NO_COMMON_BLOCKS = YES;
				GCC_OPTIMIZATION_LEVEL = 0;
				GCC_PREPROCESSOR_DEFINITIONS = (
					"DEBUG=1",
					"$(inherited)",
				);
				GCC_WARN_64_TO_32_BIT_CONVERSION = YES;
				GCC_WARN_ABOUT_RETURN_TYPE = YES_ERROR;
				GCC_WARN_UNDECLARED_SELECTOR = YES;
				GCC_WARN_UNINITIALIZED_AUTOS = YES_AGGRESSIVE;
				GCC_WARN_UNUSED_FUNCTION = YES;
				GCC_WARN_UNUSED_VARIABLE = YES;
				IPHONEOS_DEPLOYMENT_TARGET = 11.0;
				MTL_ENABLE_DEBUG_INFO = YES;
				ONLY_ACTIVE_ARCH = YES;
				SDKROOT = iphoneos;
				SWIFT_ACTIVE_COMPILATION_CONDITIONS = DEBUG;
				SWIFT_OPTIMIZATION_LEVEL = "-Onone";
			};
			name = Debug;
		};
		EFC80D3C1F8BF2AA00B0E0CA /* Release */ = {
			isa = XCBuildConfiguration;
			buildSettings = {
				ALWAYS_SEARCH_USER_PATHS = NO;
				CLANG_ANALYZER_NONNULL = YES;
				CLANG_ANALYZER_NUMBER_OBJECT_CONVERSION = YES_AGGRESSIVE;
				CLANG_CXX_LANGUAGE_STANDARD = "gnu++14";
				CLANG_CXX_LIBRARY = "libc++";
				CLANG_ENABLE_MODULES = YES;
				CLANG_ENABLE_OBJC_ARC = YES;
				CLANG_WARN_BLOCK_CAPTURE_AUTORELEASING = YES;
				CLANG_WARN_BOOL_CONVERSION = YES;
				CLANG_WARN_COMMA = YES;
				CLANG_WARN_CONSTANT_CONVERSION = YES;
				CLANG_WARN_DIRECT_OBJC_ISA_USAGE = YES_ERROR;
				CLANG_WARN_DOCUMENTATION_COMMENTS = YES;
				CLANG_WARN_EMPTY_BODY = YES;
				CLANG_WARN_ENUM_CONVERSION = YES;
				CLANG_WARN_INFINITE_RECURSION = YES;
				CLANG_WARN_INT_CONVERSION = YES;
				CLANG_WARN_NON_LITERAL_NULL_CONVERSION = YES;
				CLANG_WARN_OBJC_LITERAL_CONVERSION = YES;
				CLANG_WARN_OBJC_ROOT_CLASS = YES_ERROR;
				CLANG_WARN_RANGE_LOOP_ANALYSIS = YES;
				CLANG_WARN_STRICT_PROTOTYPES = YES;
				CLANG_WARN_SUSPICIOUS_MOVE = YES;
				CLANG_WARN_UNGUARDED_AVAILABILITY = YES_AGGRESSIVE;
				CLANG_WARN_UNREACHABLE_CODE = YES;
				CLANG_WARN__DUPLICATE_METHOD_MATCH = YES;
				CODE_SIGN_IDENTITY = "iPhone Developer";
				COPY_PHASE_STRIP = NO;
				DEBUG_INFORMATION_FORMAT = "dwarf-with-dsym";
				ENABLE_NS_ASSERTIONS = NO;
				ENABLE_STRICT_OBJC_MSGSEND = YES;
				GCC_C_LANGUAGE_STANDARD = gnu11;
				GCC_NO_COMMON_BLOCKS = YES;
				GCC_WARN_64_TO_32_BIT_CONVERSION = YES;
				GCC_WARN_ABOUT_RETURN_TYPE = YES_ERROR;
				GCC_WARN_UNDECLARED_SELECTOR = YES;
				GCC_WARN_UNINITIALIZED_AUTOS = YES_AGGRESSIVE;
				GCC_WARN_UNUSED_FUNCTION = YES;
				GCC_WARN_UNUSED_VARIABLE = YES;
				IPHONEOS_DEPLOYMENT_TARGET = 11.0;
				MTL_ENABLE_DEBUG_INFO = NO;
				SDKROOT = iphoneos;
				SWIFT_OPTIMIZATION_LEVEL = "-Owholemodule";
				VALIDATE_PRODUCT = YES;
			};
			name = Release;
		};
		EFC80D3E1F8BF2AA00B0E0CA /* Debug */ = {
			isa = XCBuildConfiguration;
			buildSettings = {
				ASSETCATALOG_COMPILER_APPICON_NAME = AppIcon;
				CODE_SIGN_STYLE = Automatic;
				DEVELOPMENT_TEAM = 6D2UCX5FZW;
				INFOPLIST_FILE = "Feedr Reader/Info.plist";
				IPHONEOS_DEPLOYMENT_TARGET = 10.0;
				LD_RUNPATH_SEARCH_PATHS = "$(inherited) @executable_path/Frameworks";
				PRODUCT_BUNDLE_IDENTIFIER = "com.dustykeyboard.Feedr-Reader";
				PRODUCT_NAME = "$(TARGET_NAME)";
				SWIFT_VERSION = 4.0;
				TARGETED_DEVICE_FAMILY = "1,2";
			};
			name = Debug;
		};
		EFC80D3F1F8BF2AA00B0E0CA /* Release */ = {
			isa = XCBuildConfiguration;
			buildSettings = {
				ASSETCATALOG_COMPILER_APPICON_NAME = AppIcon;
				CODE_SIGN_STYLE = Automatic;
				DEVELOPMENT_TEAM = 6D2UCX5FZW;
				INFOPLIST_FILE = "Feedr Reader/Info.plist";
				IPHONEOS_DEPLOYMENT_TARGET = 10.0;
				LD_RUNPATH_SEARCH_PATHS = "$(inherited) @executable_path/Frameworks";
				PRODUCT_BUNDLE_IDENTIFIER = "com.dustykeyboard.Feedr-Reader";
				PRODUCT_NAME = "$(TARGET_NAME)";
				SWIFT_VERSION = 4.0;
				TARGETED_DEVICE_FAMILY = "1,2";
			};
			name = Release;
		};
		EFC80D411F8BF2AA00B0E0CA /* Debug */ = {
			isa = XCBuildConfiguration;
			buildSettings = {
				ALWAYS_EMBED_SWIFT_STANDARD_LIBRARIES = YES;
				BUNDLE_LOADER = "$(TEST_HOST)";
				CODE_SIGN_STYLE = Automatic;
				DEVELOPMENT_TEAM = 6D2UCX5FZW;
				INFOPLIST_FILE = "Feedr ReaderTests/Info.plist";
				LD_RUNPATH_SEARCH_PATHS = "$(inherited) @executable_path/Frameworks @loader_path/Frameworks";
				PRODUCT_BUNDLE_IDENTIFIER = "com.dustykeyboard.Feedr-ReaderTests";
				PRODUCT_NAME = "$(TARGET_NAME)";
				SWIFT_VERSION = 4.0;
				TARGETED_DEVICE_FAMILY = "1,2";
				TEST_HOST = "$(BUILT_PRODUCTS_DIR)/Feedr Reader.app/Feedr Reader";
			};
			name = Debug;
		};
		EFC80D421F8BF2AA00B0E0CA /* Release */ = {
			isa = XCBuildConfiguration;
			buildSettings = {
				ALWAYS_EMBED_SWIFT_STANDARD_LIBRARIES = YES;
				BUNDLE_LOADER = "$(TEST_HOST)";
				CODE_SIGN_STYLE = Automatic;
				DEVELOPMENT_TEAM = 6D2UCX5FZW;
				INFOPLIST_FILE = "Feedr ReaderTests/Info.plist";
				LD_RUNPATH_SEARCH_PATHS = "$(inherited) @executable_path/Frameworks @loader_path/Frameworks";
				PRODUCT_BUNDLE_IDENTIFIER = "com.dustykeyboard.Feedr-ReaderTests";
				PRODUCT_NAME = "$(TARGET_NAME)";
				SWIFT_VERSION = 4.0;
				TARGETED_DEVICE_FAMILY = "1,2";
				TEST_HOST = "$(BUILT_PRODUCTS_DIR)/Feedr Reader.app/Feedr Reader";
			};
			name = Release;
		};
/* End XCBuildConfiguration section */

/* Begin XCConfigurationList section */
		EFC80D181F8BF2A900B0E0CA /* Build configuration list for PBXProject "Feedr Reader" */ = {
			isa = XCConfigurationList;
			buildConfigurations = (
				EFC80D3B1F8BF2AA00B0E0CA /* Debug */,
				EFC80D3C1F8BF2AA00B0E0CA /* Release */,
			);
			defaultConfigurationIsVisible = 0;
			defaultConfigurationName = Release;
		};
		EFC80D3D1F8BF2AA00B0E0CA /* Build configuration list for PBXNativeTarget "Feedr Reader" */ = {
			isa = XCConfigurationList;
			buildConfigurations = (
				EFC80D3E1F8BF2AA00B0E0CA /* Debug */,
				EFC80D3F1F8BF2AA00B0E0CA /* Release */,
			);
			defaultConfigurationIsVisible = 0;
			defaultConfigurationName = Release;
		};
		EFC80D401F8BF2AA00B0E0CA /* Build configuration list for PBXNativeTarget "Feedr ReaderTests" */ = {
			isa = XCConfigurationList;
			buildConfigurations = (
				EFC80D411F8BF2AA00B0E0CA /* Debug */,
				EFC80D421F8BF2AA00B0E0CA /* Release */,
			);
			defaultConfigurationIsVisible = 0;
			defaultConfigurationName = Release;
		};
/* End XCConfigurationList section */

/* Begin XCVersionGroup section */
		EFC80D271F8BF2A900B0E0CA /* Feedr_Reader.xcdatamodeld */ = {
			isa = XCVersionGroup;
			children = (
				EFC80D281F8BF2A900B0E0CA /* Feedr_Reader.xcdatamodel */,
			);
			currentVersion = EFC80D281F8BF2A900B0E0CA /* Feedr_Reader.xcdatamodel */;
			path = Feedr_Reader.xcdatamodeld;
			sourceTree = "<group>";
			versionGroupType = wrapper.xcdatamodel;
		};
/* End XCVersionGroup section */
	};
	rootObject = EFC80D151F8BF2A900B0E0CA /* Project object */;
}
